
Microsoft Visual Studio Solution File, Format Version 12.00
# Visual Studio Version 16
VisualStudioVersion = 16.0.30611.23
MinimumVisualStudioVersion = 10.0.40219.1
Project("{FAE04EC0-301F-11D3-BF4B-00C04F79EFBC}") = "KKTextiles", "KKTextiles.csproj", "{9F8E7881-DEB7-4220-9EF7-1B275C9D6E6E}"
EndProject
Global
	GlobalSection(SolutionConfigurationPlatforms) = preSolution
		Debug|Any CPU = Debug|Any CPU
		Release|Any CPU = Release|Any CPU
	EndGlobalSection
	GlobalSection(ProjectConfigurationPlatforms) = postSolution
		{9F8E7881-DEB7-4220-9EF7-1B275C9D6E6E}.Debug|Any CPU.ActiveCfg = Debug|Any CPU
		{9F8E7881-DEB7-4220-9EF7-1B275C9D6E6E}.Debug|Any CPU.Build.0 = Debug|Any CPU
		{9F8E7881-DEB7-4220-9EF7-1B275C9D6E6E}.Release|Any CPU.ActiveCfg = Release|Any CPU
		{9F8E7881-DEB7-4220-9EF7-1B275C9D6E6E}.Release|Any CPU.Build.0 = Release|Any CPU
	EndGlobalSection
	GlobalSection(SolutionProperties) = preSolution
		HideSolutionNode = FALSE
	EndGlobalSection
	GlobalSection(ExtensibilityGlobals) = postSolution
		SolutionGuid = {CB1050B4-753C-42EB-A3BC-86BEE6304D65}
	EndGlobalSection
EndGlobal
